
Microsoft Visual Studio Solution File, Format Version 12.00
# Visual Studio Version 17
VisualStudioVersion = 17.2.32414.248
MinimumVisualStudioVersion = 10.0.40219.1
Project("{FAE04EC0-301F-11D3-BF4B-00C04F79EFBC}") = "Fibonacci", "Fibonacci\Fibonacci.csproj", "{8F1060FF-D219-4B60-8CEF-3E7EFF16F4B8}"
EndProject
Project("{FAE04EC0-301F-11D3-BF4B-00C04F79EFBC}") = "FibonacciAOT", "FibonacciAOT\FibonacciAOT.csproj", "{1AF34C24-AE69-4F1C-8AE9-4D0CB3984F29}"
EndProject
Global
	GlobalSection(SolutionConfigurationPlatforms) = preSolution
		Debug|Any CPU = Debug|Any CPU
		Release|Any CPU = Release|Any CPU
	EndGlobalSection
	GlobalSection(ProjectConfigurationPlatforms) = postSolution
		{8F1060FF-D219-4B60-8CEF-3E7EFF16F4B8}.Debug|Any CPU.ActiveCfg = Debug|Any CPU
		{8F1060FF-D219-4B60-8CEF-3E7EFF16F4B8}.Debug|Any CPU.Build.0 = Debug|Any CPU
		{8F1060FF-D219-4B60-8CEF-3E7EFF16F4B8}.Release|Any CPU.ActiveCfg = Release|Any CPU
		{8F1060FF-D219-4B60-8CEF-3E7EFF16F4B8}.Release|Any CPU.Build.0 = Release|Any CPU
		{1AF34C24-AE69-4F1C-8AE9-4D0CB3984F29}.Debug|Any CPU.ActiveCfg = Debug|Any CPU
		{1AF34C24-AE69-4F1C-8AE9-4D0CB3984F29}.Debug|Any CPU.Build.0 = Debug|Any CPU
		{1AF34C24-AE69-4F1C-8AE9-4D0CB3984F29}.Release|Any CPU.ActiveCfg = Release|Any CPU
		{1AF34C24-AE69-4F1C-8AE9-4D0CB3984F29}.Release|Any CPU.Build.0 = Release|Any CPU
	EndGlobalSection
	GlobalSection(SolutionProperties) = preSolution
		HideSolutionNode = FALSE
	EndGlobalSection
	GlobalSection(ExtensibilityGlobals) = postSolution
		SolutionGuid = {95A91917-76DF-44CB-B0B6-1EDA96F1D402}
	EndGlobalSection
EndGlobal
